
Microsoft Visual Studio Solution File, Format Version 12.00
# Visual Studio 2013
VisualStudioVersion = 12.0.31101.0
MinimumVisualStudioVersion = 10.0.40219.1
Project("{FAE04EC0-301F-11D3-BF4B-00C04F79EFBC}") = "templateapp", "templateapp\templateapp.csproj", "{46556238-C8BD-4431-B817-35F4497BA0FA}"
EndProject
Global
	GlobalSection(SolutionConfigurationPlatforms) = preSolution
		Debug|Any CPU = Debug|Any CPU
		Release|Any CPU = Release|Any CPU
	EndGlobalSection
	GlobalSection(ProjectConfigurationPlatforms) = postSolution
		{46556238-C8BD-4431-B817-35F4497BA0FA}.Debug|Any CPU.ActiveCfg = Debug|Any CPU
		{46556238-C8BD-4431-B817-35F4497BA0FA}.Debug|Any CPU.Build.0 = Debug|Any CPU
		{46556238-C8BD-4431-B817-35F4497BA0FA}.Release|Any CPU.ActiveCfg = Debug|Any CPU
		{46556238-C8BD-4431-B817-35F4497BA0FA}.Release|Any CPU.Build.0 = Debug|Any CPU
	EndGlobalSection
	GlobalSection(SolutionProperties) = preSolution
		HideSolutionNode = FALSE
	EndGlobalSection
EndGlobal
